{
  "name": "monorepo",
  "version": "1.0.0",
  "lockfileVersion": 3,
  "requires": true,
  "packages": {
    "": {
      "name": "monorepo",
      "version": "1.0.0",
      "license": "ISC",
      "workspaces": [
        "apps/odtkm",
        "apps/mhtm",
        "shared"
      ],
      "dependencies": {
        "lodash": "^4.17.21"
      }
    },
    "apps/mhtm": {
      "version": "1.0.0",
      "license": "ISC",
      "devDependencies": {}
    },
    "apps/odtkm": {
      "version": "1.0.0",
      "license": "ISC"
    },
    "node_modules/lodash": {
      "version": "4.17.21",
      "resolved": "https://registry.npmjs.org/lodash/-/lodash-4.17.21.tgz",
      "integrity": "sha512-v2kDEe57lecTulaDIuNTPy3Ry4gLGJ6Z1O3vE1krgXZNrsQ+LFTGHVxVjcXPs17LhbZVGedAJv8XZ1tvj5FvSg=="
    },
    "node_modules/mhtm": {
      "resolved": "apps/mhtm",
      "link": true
    },
    "node_modules/odtkm": {
      "resolved": "apps/odtkm",
      "link": true
    },
    "node_modules/shared": {
      "resolved": "shared",
      "link": true
    },
    "shared": {
      "version": "1.0.0",
      "license": "ISC",
      "dependencies": {
        "lodash": "^4.17.21"
      },
      "devDependencies": {}
    }
  }
}
